
Microsoft Visual Studio Solution File, Format Version 12.00
# Visual Studio 15
VisualStudioVersion = 15.0.28307.168
MinimumVisualStudioVersion = 10.0.40219.1
Project("{FAE04EC0-301F-11D3-BF4B-00C04F79EFBC}") = "arth-calc", "arth-calc\arth-calc.csproj", "{8EC4A621-E9E6-4766-93F5-047047DA9935}"
EndProject
Global
	GlobalSection(SolutionConfigurationPlatforms) = preSolution
		Debug|Any CPU = Debug|Any CPU
		Release|Any CPU = Release|Any CPU
	EndGlobalSection
	GlobalSection(ProjectConfigurationPlatforms) = postSolution
		{8EC4A621-E9E6-4766-93F5-047047DA9935}.Debug|Any CPU.ActiveCfg = Debug|Any CPU
		{8EC4A621-E9E6-4766-93F5-047047DA9935}.Debug|Any CPU.Build.0 = Debug|Any CPU
		{8EC4A621-E9E6-4766-93F5-047047DA9935}.Release|Any CPU.ActiveCfg = Release|Any CPU
		{8EC4A621-E9E6-4766-93F5-047047DA9935}.Release|Any CPU.Build.0 = Release|Any CPU
	EndGlobalSection
	GlobalSection(SolutionProperties) = preSolution
		HideSolutionNode = FALSE
	EndGlobalSection
	GlobalSection(ExtensibilityGlobals) = postSolution
		SolutionGuid = {BC210A80-1C75-4A71-8807-C0693D889424}
	EndGlobalSection
EndGlobal
